// !$*UTF8*$!
{
	archiveVersion = 1;
	classes = {
	};
	objectVersion = 46;
	objects = {

/* Begin PBXBuildFile section */
		1340A7091E4B079100694A96 /* AppDelegate.swift in Sources */ = {isa = PBXBuildFile; fileRef = 1340A7081E4B079100694A96 /* AppDelegate.swift */; };
		1340A70B1E4B079100694A96 /* ViewController.swift in Sources */ = {isa = PBXBuildFile; fileRef = 1340A70A1E4B079100694A96 /* ViewController.swift */; };
		1340A70E1E4B079100694A96 /* Main.storyboard in Resources */ = {isa = PBXBuildFile; fileRef = 1340A70C1E4B079100694A96 /* Main.storyboard */; };
		1340A7101E4B079100694A96 /* Assets.xcassets in Resources */ = {isa = PBXBuildFile; fileRef = 1340A70F1E4B079100694A96 /* Assets.xcassets */; };
		1340A7131E4B079100694A96 /* LaunchScreen.storyboard in Resources */ = {isa = PBXBuildFile; fileRef = 1340A7111E4B079100694A96 /* LaunchScreen.storyboard */; };
		1340A71B1E4B130700694A96 /* Stopwatch.swift in Sources */ = {isa = PBXBuildFile; fileRef = 1340A71A1E4B130700694A96 /* Stopwatch.swift */; };
		1340A71D1E4B1C7800694A96 /* LapsCell.swift in Sources */ = {isa = PBXBuildFile; fileRef = 1340A71C1E4B1C7800694A96 /* LapsCell.swift */; };
/* End PBXBuildFile section */

/* Begin PBXFileReference section */
		1340A7051E4B079100694A96 /* Stopwatch.app */ = {isa = PBXFileReference; explicitFileType = wrapper.application; includeInIndex = 0; path = Stopwatch.app; sourceTree = BUILT_PRODUCTS_DIR; };
		1340A7081E4B079100694A96 /* AppDelegate.swift */ = {isa = PBXFileReference; lastKnownFileType = sourcecode.swift; path = AppDelegate.swift; sourceTree = "<group>"; };
		1340A70A1E4B079100694A96 /* ViewController.swift */ = {isa = PBXFileReference; lastKnownFileType = sourcecode.swift; path = ViewController.swift; sourceTree = "<group>"; };
		1340A70D1E4B079100694A96 /* Base */ = {isa = PBXFileReference; lastKnownFileType = file.storyboard; name = Base; path = Base.lproj/Main.storyboard; sourceTree = "<group>"; };
		1340A70F1E4B079100694A96 /* Assets.xcassets */ = {isa = PBXFileReference; lastKnownFileType = folder.assetcatalog; path = Assets.xcassets; sourceTree = "<group>"; };
		1340A7121E4B079100694A96 /* Base */ = {isa = PBXFileReference; lastKnownFileType = file.storyboard; name = Base; path = Base.lproj/LaunchScreen.storyboard; sourceTree = "<group>"; };
		1340A7141E4B079100694A96 /* Info.plist */ = {isa = PBXFileReference; lastKnownFileType = text.plist.xml; path = Info.plist; sourceTree = "<group>"; };
		1340A71A1E4B130700694A96 /* Stopwatch.swift */ = {isa = PBXFileReference; fileEncoding = 4; lastKnownFileType = sourcecode.swift; path = Stopwatch.swift; sourceTree = "<group>"; };
		1340A71C1E4B1C7800694A96 /* LapsCell.swift */ = {isa = PBXFileReference; fileEncoding = 4; lastKnownFileType = sourcecode.swift; path = LapsCell.swift; sourceTree = "<group>"; };
/* End PBXFileReference section */

/* Begin PBXFrameworksBuildPhase section */
		1340A7021E4B079100694A96 /* Frameworks */ = {
			isa = PBXFrameworksBuildPhase;
			buildActionMask = 2147483647;
			files = (
			);
			runOnlyForDeploymentPostprocessing = 0;
		};
/* End PBXFrameworksBuildPhase section */

/* Begin PBXGroup section */
		1340A6FC1E4B079100694A96 = {
			isa = PBXGroup;
			children = (
				1340A7071E4B079100694A96 /* Stopwatch */,
				1340A7061E4B079100694A96 /* Products */,
			);
			sourceTree = "<group>";
		};
		1340A7061E4B079100694A96 /* Products */ = {
			isa = PBXGroup;
			children = (
				1340A7051E4B079100694A96 /* Stopwatch.app */,
			);
			name = Products;
			sourceTree = "<group>";
		};
		1340A7071E4B079100694A96 /* Stopwatch */ = {
			isa = PBXGroup;
			children = (
				1340A7081E4B079100694A96 /* AppDelegate.swift */,
				1340A70A1E4B079100694A96 /* ViewController.swift */,
				1340A71C1E4B1C7800694A96 /* LapsCell.swift */,
				1340A70C1E4B079100694A96 /* Main.storyboard */,
				1340A70F1E4B079100694A96 /* Assets.xcassets */,
				1340A7111E4B079100694A96 /* LaunchScreen.storyboard */,
				1340A7141E4B079100694A96 /* Info.plist */,
				1340A71A1E4B130700694A96 /* Stopwatch.swift */,
			);
			path = Stopwatch;
			sourceTree = "<group>";
		};
/* End PBXGroup section */

/* Begin PBXNativeTarget section */
		1340A7041E4B079100694A96 /* Stopwatch */ = {
			isa = PBXNativeTarget;
			buildConfigurationList = 1340A7171E4B079100694A96 /* Build configuration list for PBXNativeTarget "Stopwatch" */;
			buildPhases = (
				1340A7011E4B079100694A96 /* Sources */,
				1340A7021E4B079100694A96 /* Frameworks */,
				1340A7031E4B079100694A96 /* Resources */,
			);
			buildRules = (
			);
			dependencies = (
			);
			name = Stopwatch;
			productName = Stopwatch;
			productReference = 1340A7051E4B079100694A96 /* Stopwatch.app */;
			productType = "com.apple.product-type.application";
		};
/* End PBXNativeTarget section */

/* Begin PBXProject section */
		1340A6FD1E4B079100694A96 /* Project object */ = {
			isa = PBXProject;
			attributes = {
				LastSwiftUpdateCheck = 0820;
				LastUpgradeCheck = 0820;
				ORGANIZATIONNAME = "Xuanyi Liu";
				TargetAttributes = {
					1340A7041E4B079100694A96 = {
						CreatedOnToolsVersion = 8.2;
						DevelopmentTeam = X884CV32U2;
						ProvisioningStyle = Automatic;
					};
				};
			};
			buildConfigurationList = 1340A7001E4B079100694A96 /* Build configuration list for PBXProject "Stopwatch" */;
			compatibilityVersion = "Xcode 3.2";
			developmentRegion = English;
			hasScannedForEncodings = 0;
			knownRegions = (
				en,
				Base,
			);
			mainGroup = 1340A6FC1E4B079100694A96;
			productRefGroup = 1340A7061E4B079100694A96 /* Products */;
			projectDirPath = "";
			projectRoot = "";
			targets = (
				1340A7041E4B079100694A96 /* Stopwatch */,
			);
		};
/* End PBXProject section */

/* Begin PBXResourcesBuildPhase section */
		1340A7031E4B079100694A96 /* Resources */ = {
			isa = PBXResourcesBuildPhase;
			buildActionMask = 2147483647;
			files = (
				1340A7131E4B079100694A96 /* LaunchScreen.storyboard in Resources */,
				1340A7101E4B079100694A96 /* Assets.xcassets in Resources */,
				1340A70E1E4B079100694A96 /* Main.storyboard in Resources */,
			);
			runOnlyForDeploymentPostprocessing = 0;
		};
/* End PBXResourcesBuildPhase section */

/* Begin PBXSourcesBuildPhase section */
		1340A7011E4B079100694A96 /* Sources */ = {
			isa = PBXSourcesBuildPhase;
			buildActionMask = 2147483647;
			files = (
				1340A70B1E4B079100694A96 /* ViewController.swift in Sources */,
				1340A71D1E4B1C7800694A96 /* LapsCell.swift in Sources */,
				1340A71B1E4B130700694A96 /* Stopwatch.swift in Sources */,
				1340A7091E4B079100694A96 /* AppDelegate.swift in Sources */,
			);
			runOnlyForDeploymentPostprocessing = 0;
		};
/* End PBXSourcesBuildPhase section */

/* Begin PBXVariantGroup section */
		1340A70C1E4B079100694A96 /* Main.storyboard */ = {
			isa = PBXVariantGroup;
			children = (
				1340A70D1E4B079100694A96 /* Base */,
			);
			name = Main.storyboard;
			sourceTree = "<group>";
		};
		1340A7111E4B079100694A96 /* LaunchScreen.storyboard */ = {
			isa = PBXVariantGroup;
			children = (
				1340A7121E4B079100694A96 /* Base */,
			);
			name = LaunchScreen.storyboard;
			sourceTree = "<group>";
		};
/* End PBXVariantGroup section */

/* Begin XCBuildConfiguration section */
		1340A7151E4B079100694A96 /* Debug */ = {
			isa = XCBuildConfiguration;
			buildSettings = {
				ALWAYS_SEARCH_USER_PATHS = NO;
				CLANG_ANALYZER_NONNULL = YES;
				CLANG_CXX_LANGUAGE_STANDARD = "gnu++0x";
				CLANG_CXX_LIBRARY = "libc++";
				CLANG_ENABLE_MODULES = YES;
				CLANG_ENABLE_OBJC_ARC = YES;
				CLANG_WARN_BOOL_CONVERSION = YES;
				CLANG_WARN_CONSTANT_CONVERSION = YES;
				CLANG_WARN_DIRECT_OBJC_ISA_USAGE = YES_ERROR;
				CLANG_WARN_DOCUMENTATION_COMMENTS = YES;
				CLANG_WARN_EMPTY_BODY = YES;
				CLANG_WARN_ENUM_CONVERSION = YES;
				CLANG_WARN_INFINITE_RECURSION = YES;
				CLANG_WARN_INT_CONVERSION = YES;
				CLANG_WARN_OBJC_ROOT_CLASS = YES_ERROR;
				CLANG_WARN_SUSPICIOUS_MOVE = YES;
				CLANG_WARN_UNREACHABLE_CODE = YES;
				CLANG_WARN__DUPLICATE_METHOD_MATCH = YES;
				"CODE_SIGN_IDENTITY[sdk=iphoneos*]" = "iPhone Developer";
				COPY_PHASE_STRIP = NO;
				DEBUG_INFORMATION_FORMAT = dwarf;
				ENABLE_STRICT_OBJC_MSGSEND = YES;
				ENABLE_TESTABILITY = YES;
				GCC_C_LANGUAGE_STANDARD = gnu99;
				GCC_DYNAMIC_NO_PIC = NO;
				GCC_NO_COMMON_BLOCKS = YES;
				GCC_OPTIMIZATION_LEVEL = 0;
				GCC_PREPROCESSOR_DEFINITIONS = (
					"DEBUG=1",
					"$(inherited)",
				);
				GCC_WARN_64_TO_32_BIT_CONVERSION = YES;
				GCC_WARN_ABOUT_RETURN_TYPE = YES_ERROR;
				GCC_WARN_UNDECLARED_SELECTOR = YES;
				GCC_WARN_UNINITIALIZED_AUTOS = YES_AGGRESSIVE;
				GCC_WARN_UNUSED_FUNCTION = YES;
				GCC_WARN_UNUSED_VARIABLE = YES;
				IPHONEOS_DEPLOYMENT_TARGET = 10.2;
				MTL_ENABLE_DEBUG_INFO = YES;
				ONLY_ACTIVE_ARCH = YES;
				SDKROOT = iphoneos;
				SWIFT_ACTIVE_COMPILATION_CONDITIONS = DEBUG;
				SWIFT_OPTIMIZATION_LEVEL = "-Onone";
			};
			name = Debug;
		};
		1340A7161E4B079100694A96 /* Release */ = {
			isa = XCBuildConfiguration;
			buildSettings = {
				ALWAYS_SEARCH_USER_PATHS = NO;
				CLANG_ANALYZER_NONNULL = YES;
				CLANG_CXX_LANGUAGE_STANDARD = "gnu++0x";
				CLANG_CXX_LIBRARY = "libc++";
				CLANG_ENABLE_MODULES = YES;
				CLANG_ENABLE_OBJC_ARC = YES;
				CLANG_WARN_BOOL_CONVERSION = YES;
				CLANG_WARN_CONSTANT_CONVERSION = YES;
				CLANG_WARN_DIRECT_OBJC_ISA_USAGE = YES_ERROR;
				CLANG_WARN_DOCUMENTATION_COMMENTS = YES;
				CLANG_WARN_EMPTY_BODY = YES;
				CLANG_WARN_ENUM_CONVERSION = YES;
				CLANG_WARN_INFINITE_RECURSION = YES;
				CLANG_WARN_INT_CONVERSION = YES;
				CLANG_WARN_OBJC_ROOT_CLASS = YES_ERROR;
				CLANG_WARN_SUSPICIOUS_MOVE = YES;
				CLANG_WARN_UNREACHABLE_CODE = YES;
				CLANG_WARN__DUPLICATE_METHOD_MATCH = YES;
				"CODE_SIGN_IDENTITY[sdk=iphoneos*]" = "iPhone Developer";
				COPY_PHASE_STRIP = NO;
				DEBUG_INFORMATION_FORMAT = "dwarf-with-dsym";
				ENABLE_NS_ASSERTIONS = NO;
				ENABLE_STRICT_OBJC_MSGSEND = YES;
				GCC_C_LANGUAGE_STANDARD = gnu99;
				GCC_NO_COMMON_BLOCKS = YES;
				GCC_WARN_64_TO_32_BIT_CONVERSION = YES;
				GCC_WARN_ABOUT_RETURN_TYPE = YES_ERROR;
				GCC_WARN_UNDECLARED_SELECTOR = YES;
				GCC_WARN_UNINITIALIZED_AUTOS = YES_AGGRESSIVE;
				GCC_WARN_UNUSED_FUNCTION = YES;
				GCC_WARN_UNUSED_VARIABLE = YES;
				IPHONEOS_DEPLOYMENT_TARGET = 10.2;
				MTL_ENABLE_DEBUG_INFO = NO;
				SDKROOT = iphoneos;
				SWIFT_OPTIMIZATION_LEVEL = "-Owholemodule";
				VALIDATE_PRODUCT = YES;
			};
			name = Release;
		};
		1340A7181E4B079100694A96 /* Debug */ = {
			isa = XCBuildConfiguration;
			buildSettings = {
				ASSETCATALOG_COMPILER_APPICON_NAME = AppIcon;
				DEVELOPMENT_TEAM = X884CV32U2;
				INFOPLIST_FILE = Stopwatch/Info.plist;
				LD_RUNPATH_SEARCH_PATHS = "$(inherited) @executable_path/Frameworks";
				PRODUCT_BUNDLE_IDENTIFIER = com.xuanyiliu.Stopwatch;
				PRODUCT_NAME = "$(TARGET_NAME)";
				SWIFT_VERSION = 3.0;
			};
			name = Debug;
		};
		1340A7191E4B079100694A96 /* Release */ = {
			isa = XCBuildConfiguration;
			buildSettings = {
				ASSETCATALOG_COMPILER_APPICON_NAME = AppIcon;
				DEVELOPMENT_TEAM = X884CV32U2;
				INFOPLIST_FILE = Stopwatch/Info.plist;
				LD_RUNPATH_SEARCH_PATHS = "$(inherited) @executable_path/Frameworks";
				PRODUCT_BUNDLE_IDENTIFIER = com.xuanyiliu.Stopwatch;
				PRODUCT_NAME = "$(TARGET_NAME)";
				SWIFT_VERSION = 3.0;
			};
			name = Release;
		};
/* End XCBuildConfiguration section */

/* Begin XCConfigurationList section */
		1340A7001E4B079100694A96 /* Build configuration list for PBXProject "Stopwatch" */ = {
			isa = XCConfigurationList;
			buildConfigurations = (
				1340A7151E4B079100694A96 /* Debug */,
				1340A7161E4B079100694A96 /* Release */,
			);
			defaultConfigurationIsVisible = 0;
			defaultConfigurationName = Release;
		};
		1340A7171E4B079100694A96 /* Build configuration list for PBXNativeTarget "Stopwatch" */ = {
			isa = XCConfigurationList;
			buildConfigurations = (
				1340A7181E4B079100694A96 /* Debug */,
				1340A7191E4B079100694A96 /* Release */,
			);
			defaultConfigurationIsVisible = 0;
		};
/* End XCConfigurationList section */
	};
	rootObject = 1340A6FD1E4B079100694A96 /* Project object */;
}
